
Microsoft Visual Studio Solution File, Format Version 12.00
# Visual Studio Version 16
VisualStudioVersion = 16.0.31205.134
MinimumVisualStudioVersion = 10.0.40219.1
Project("{8BC9CEB8-8B4A-11D0-8D11-00A0C91BC942}") = "6.4", "6.4\6.4.vcxproj", "{DCA99CD8-7F76-4FDF-853D-08DF0FE522E1}"
EndProject
Global
	GlobalSection(SolutionConfigurationPlatforms) = preSolution
		Debug|x64 = Debug|x64
		Debug|x86 = Debug|x86
		Release|x64 = Release|x64
		Release|x86 = Release|x86
	EndGlobalSection
	GlobalSection(ProjectConfigurationPlatforms) = postSolution
		{DCA99CD8-7F76-4FDF-853D-08DF0FE522E1}.Debug|x64.ActiveCfg = Debug|x64
		{DCA99CD8-7F76-4FDF-853D-08DF0FE522E1}.Debug|x64.Build.0 = Debug|x64
		{DCA99CD8-7F76-4FDF-853D-08DF0FE522E1}.Debug|x86.ActiveCfg = Debug|Win32
		{DCA99CD8-7F76-4FDF-853D-08DF0FE522E1}.Debug|x86.Build.0 = Debug|Win32
		{DCA99CD8-7F76-4FDF-853D-08DF0FE522E1}.Release|x64.ActiveCfg = Release|x64
		{DCA99CD8-7F76-4FDF-853D-08DF0FE522E1}.Release|x64.Build.0 = Release|x64
		{DCA99CD8-7F76-4FDF-853D-08DF0FE522E1}.Release|x86.ActiveCfg = Release|Win32
		{DCA99CD8-7F76-4FDF-853D-08DF0FE522E1}.Release|x86.Build.0 = Release|Win32
	EndGlobalSection
	GlobalSection(SolutionProperties) = preSolution
		HideSolutionNode = FALSE
	EndGlobalSection
	GlobalSection(ExtensibilityGlobals) = postSolution
		SolutionGuid = {4798AAF7-0F98-4AE3-878F-5C3723020454}
	EndGlobalSection
EndGlobal
